// !$*UTF8*$!
{
	archiveVersion = 1;
	classes = {
	};
	objectVersion = 50;
	objects = {

/* Begin PBXBuildFile section */
		BE0E127C24FD7A3F00F3346D /* AppsViewController.swift in Sources */ = {isa = PBXBuildFile; fileRef = BE0E127B24FD7A3F00F3346D /* AppsViewController.swift */; };
		BE0E127E24FD7B3D00F3346D /* ArcadeViewController.swift in Sources */ = {isa = PBXBuildFile; fileRef = BE0E127D24FD7B3D00F3346D /* ArcadeViewController.swift */; };
		BE0E128024FD7B6400F3346D /* GamesViewController.swift in Sources */ = {isa = PBXBuildFile; fileRef = BE0E127F24FD7B6400F3346D /* GamesViewController.swift */; };
		BE0E128224FD7B8800F3346D /* SearchViewController.swift in Sources */ = {isa = PBXBuildFile; fileRef = BE0E128124FD7B8800F3346D /* SearchViewController.swift */; };
		BE0E128424FD7BBB00F3346D /* Section.swift in Sources */ = {isa = PBXBuildFile; fileRef = BE0E128324FD7BBB00F3346D /* Section.swift */; };
		BE0E128624FD7C0300F3346D /* App.swift in Sources */ = {isa = PBXBuildFile; fileRef = BE0E128524FD7C0300F3346D /* App.swift */; };
		BE0E128824FD7C5800F3346D /* Bundle-Decodable.swift in Sources */ = {isa = PBXBuildFile; fileRef = BE0E128724FD7C5800F3346D /* Bundle-Decodable.swift */; };
		BEE41BFC24FC36B800D0AB5C /* AppDelegate.swift in Sources */ = {isa = PBXBuildFile; fileRef = BEE41BFB24FC36B800D0AB5C /* AppDelegate.swift */; };
		BEE41BFE24FC36B800D0AB5C /* SceneDelegate.swift in Sources */ = {isa = PBXBuildFile; fileRef = BEE41BFD24FC36B800D0AB5C /* SceneDelegate.swift */; };
		BEE41C0024FC36B800D0AB5C /* ViewController.swift in Sources */ = {isa = PBXBuildFile; fileRef = BEE41BFF24FC36B800D0AB5C /* ViewController.swift */; };
		BEE41C0324FC36B800D0AB5C /* Main.storyboard in Resources */ = {isa = PBXBuildFile; fileRef = BEE41C0124FC36B800D0AB5C /* Main.storyboard */; };
		BEE41C0524FC36BB00D0AB5C /* Assets.xcassets in Resources */ = {isa = PBXBuildFile; fileRef = BEE41C0424FC36BB00D0AB5C /* Assets.xcassets */; };
		BEE41C0824FC36BB00D0AB5C /* LaunchScreen.storyboard in Resources */ = {isa = PBXBuildFile; fileRef = BEE41C0624FC36BB00D0AB5C /* LaunchScreen.storyboard */; };
		BEE41C1024FC3AE400D0AB5C /* appstore.json in Resources */ = {isa = PBXBuildFile; fileRef = BEE41C0F24FC3AE400D0AB5C /* appstore.json */; };
/* End PBXBuildFile section */

/* Begin PBXFileReference section */
		BE0E127B24FD7A3F00F3346D /* AppsViewController.swift */ = {isa = PBXFileReference; lastKnownFileType = sourcecode.swift; path = AppsViewController.swift; sourceTree = "<group>"; };
		BE0E127D24FD7B3D00F3346D /* ArcadeViewController.swift */ = {isa = PBXFileReference; lastKnownFileType = sourcecode.swift; path = ArcadeViewController.swift; sourceTree = "<group>"; };
		BE0E127F24FD7B6400F3346D /* GamesViewController.swift */ = {isa = PBXFileReference; lastKnownFileType = sourcecode.swift; path = GamesViewController.swift; sourceTree = "<group>"; };
		BE0E128124FD7B8800F3346D /* SearchViewController.swift */ = {isa = PBXFileReference; lastKnownFileType = sourcecode.swift; path = SearchViewController.swift; sourceTree = "<group>"; };
		BE0E128324FD7BBB00F3346D /* Section.swift */ = {isa = PBXFileReference; lastKnownFileType = sourcecode.swift; path = Section.swift; sourceTree = "<group>"; };
		BE0E128524FD7C0300F3346D /* App.swift */ = {isa = PBXFileReference; lastKnownFileType = sourcecode.swift; path = App.swift; sourceTree = "<group>"; };
		BE0E128724FD7C5800F3346D /* Bundle-Decodable.swift */ = {isa = PBXFileReference; lastKnownFileType = sourcecode.swift; path = "Bundle-Decodable.swift"; sourceTree = "<group>"; };
		BEE41BF824FC36B800D0AB5C /* ValAppStore.app */ = {isa = PBXFileReference; explicitFileType = wrapper.application; includeInIndex = 0; path = ValAppStore.app; sourceTree = BUILT_PRODUCTS_DIR; };
		BEE41BFB24FC36B800D0AB5C /* AppDelegate.swift */ = {isa = PBXFileReference; lastKnownFileType = sourcecode.swift; path = AppDelegate.swift; sourceTree = "<group>"; };
		BEE41BFD24FC36B800D0AB5C /* SceneDelegate.swift */ = {isa = PBXFileReference; lastKnownFileType = sourcecode.swift; path = SceneDelegate.swift; sourceTree = "<group>"; };
		BEE41BFF24FC36B800D0AB5C /* ViewController.swift */ = {isa = PBXFileReference; lastKnownFileType = sourcecode.swift; path = ViewController.swift; sourceTree = "<group>"; };
		BEE41C0224FC36B800D0AB5C /* Base */ = {isa = PBXFileReference; lastKnownFileType = file.storyboard; name = Base; path = Base.lproj/Main.storyboard; sourceTree = "<group>"; };
		BEE41C0424FC36BB00D0AB5C /* Assets.xcassets */ = {isa = PBXFileReference; lastKnownFileType = folder.assetcatalog; path = Assets.xcassets; sourceTree = "<group>"; };
		BEE41C0724FC36BB00D0AB5C /* Base */ = {isa = PBXFileReference; lastKnownFileType = file.storyboard; name = Base; path = Base.lproj/LaunchScreen.storyboard; sourceTree = "<group>"; };
		BEE41C0924FC36BB00D0AB5C /* Info.plist */ = {isa = PBXFileReference; lastKnownFileType = text.plist.xml; path = Info.plist; sourceTree = "<group>"; };
		BEE41C0F24FC3AE400D0AB5C /* appstore.json */ = {isa = PBXFileReference; fileEncoding = 4; lastKnownFileType = text.json; path = appstore.json; sourceTree = "<group>"; };
/* End PBXFileReference section */

/* Begin PBXFrameworksBuildPhase section */
		BEE41BF524FC36B800D0AB5C /* Frameworks */ = {
			isa = PBXFrameworksBuildPhase;
			buildActionMask = 2147483647;
			files = (
			);
			runOnlyForDeploymentPostprocessing = 0;
		};
/* End PBXFrameworksBuildPhase section */

/* Begin PBXGroup section */
		BEE41BEF24FC36B800D0AB5C = {
			isa = PBXGroup;
			children = (
				BEE41BFA24FC36B800D0AB5C /* ValAppStore */,
				BEE41BF924FC36B800D0AB5C /* Products */,
			);
			sourceTree = "<group>";
		};
		BEE41BF924FC36B800D0AB5C /* Products */ = {
			isa = PBXGroup;
			children = (
				BEE41BF824FC36B800D0AB5C /* ValAppStore.app */,
			);
			name = Products;
			sourceTree = "<group>";
		};
		BEE41BFA24FC36B800D0AB5C /* ValAppStore */ = {
			isa = PBXGroup;
			children = (
				BEE41BFB24FC36B800D0AB5C /* AppDelegate.swift */,
				BEE41BFD24FC36B800D0AB5C /* SceneDelegate.swift */,
				BEE41BFF24FC36B800D0AB5C /* ViewController.swift */,
				BE0E127B24FD7A3F00F3346D /* AppsViewController.swift */,
				BE0E127D24FD7B3D00F3346D /* ArcadeViewController.swift */,
				BE0E127F24FD7B6400F3346D /* GamesViewController.swift */,
				BE0E128124FD7B8800F3346D /* SearchViewController.swift */,
				BE0E128324FD7BBB00F3346D /* Section.swift */,
				BE0E128524FD7C0300F3346D /* App.swift */,
				BE0E128724FD7C5800F3346D /* Bundle-Decodable.swift */,
				BEE41C0F24FC3AE400D0AB5C /* appstore.json */,
				BEE41C0124FC36B800D0AB5C /* Main.storyboard */,
				BEE41C0424FC36BB00D0AB5C /* Assets.xcassets */,
				BEE41C0624FC36BB00D0AB5C /* LaunchScreen.storyboard */,
				BEE41C0924FC36BB00D0AB5C /* Info.plist */,
			);
			path = ValAppStore;
			sourceTree = "<group>";
		};
/* End PBXGroup section */

/* Begin PBXNativeTarget section */
		BEE41BF724FC36B800D0AB5C /* ValAppStore */ = {
			isa = PBXNativeTarget;
			buildConfigurationList = BEE41C0C24FC36BB00D0AB5C /* Build configuration list for PBXNativeTarget "ValAppStore" */;
			buildPhases = (
				BEE41BF424FC36B800D0AB5C /* Sources */,
				BEE41BF524FC36B800D0AB5C /* Frameworks */,
				BEE41BF624FC36B800D0AB5C /* Resources */,
			);
			buildRules = (
			);
			dependencies = (
			);
			name = ValAppStore;
			productName = ValAppStore;
			productReference = BEE41BF824FC36B800D0AB5C /* ValAppStore.app */;
			productType = "com.apple.product-type.application";
		};
/* End PBXNativeTarget section */

/* Begin PBXProject section */
		BEE41BF024FC36B800D0AB5C /* Project object */ = {
			isa = PBXProject;
			attributes = {
				LastSwiftUpdateCheck = 1160;
				LastUpgradeCheck = 1160;
				ORGANIZATIONNAME = "Bochkarov Valentyn";
				TargetAttributes = {
					BEE41BF724FC36B800D0AB5C = {
						CreatedOnToolsVersion = 11.6;
					};
				};
			};
			buildConfigurationList = BEE41BF324FC36B800D0AB5C /* Build configuration list for PBXProject "ValAppStore" */;
			compatibilityVersion = "Xcode 9.3";
			developmentRegion = en;
			hasScannedForEncodings = 0;
			knownRegions = (
				en,
				Base,
			);
			mainGroup = BEE41BEF24FC36B800D0AB5C;
			productRefGroup = BEE41BF924FC36B800D0AB5C /* Products */;
			projectDirPath = "";
			projectRoot = "";
			targets = (
				BEE41BF724FC36B800D0AB5C /* ValAppStore */,
			);
		};
/* End PBXProject section */

/* Begin PBXResourcesBuildPhase section */
		BEE41BF624FC36B800D0AB5C /* Resources */ = {
			isa = PBXResourcesBuildPhase;
			buildActionMask = 2147483647;
			files = (
				BEE41C0824FC36BB00D0AB5C /* LaunchScreen.storyboard in Resources */,
				BEE41C0524FC36BB00D0AB5C /* Assets.xcassets in Resources */,
				BEE41C0324FC36B800D0AB5C /* Main.storyboard in Resources */,
				BEE41C1024FC3AE400D0AB5C /* appstore.json in Resources */,
			);
			runOnlyForDeploymentPostprocessing = 0;
		};
/* End PBXResourcesBuildPhase section */

/* Begin PBXSourcesBuildPhase section */
		BEE41BF424FC36B800D0AB5C /* Sources */ = {
			isa = PBXSourcesBuildPhase;
			buildActionMask = 2147483647;
			files = (
				BE0E128624FD7C0300F3346D /* App.swift in Sources */,
				BEE41C0024FC36B800D0AB5C /* ViewController.swift in Sources */,
				BE0E128224FD7B8800F3346D /* SearchViewController.swift in Sources */,
				BEE41BFC24FC36B800D0AB5C /* AppDelegate.swift in Sources */,
				BE0E127E24FD7B3D00F3346D /* ArcadeViewController.swift in Sources */,
				BE0E127C24FD7A3F00F3346D /* AppsViewController.swift in Sources */,
				BE0E128424FD7BBB00F3346D /* Section.swift in Sources */,
				BE0E128824FD7C5800F3346D /* Bundle-Decodable.swift in Sources */,
				BE0E128024FD7B6400F3346D /* GamesViewController.swift in Sources */,
				BEE41BFE24FC36B800D0AB5C /* SceneDelegate.swift in Sources */,
			);
			runOnlyForDeploymentPostprocessing = 0;
		};
/* End PBXSourcesBuildPhase section */

/* Begin PBXVariantGroup section */
		BEE41C0124FC36B800D0AB5C /* Main.storyboard */ = {
			isa = PBXVariantGroup;
			children = (
				BEE41C0224FC36B800D0AB5C /* Base */,
			);
			name = Main.storyboard;
			sourceTree = "<group>";
		};
		BEE41C0624FC36BB00D0AB5C /* LaunchScreen.storyboard */ = {
			isa = PBXVariantGroup;
			children = (
				BEE41C0724FC36BB00D0AB5C /* Base */,
			);
			name = LaunchScreen.storyboard;
			sourceTree = "<group>";
		};
/* End PBXVariantGroup section */

/* Begin XCBuildConfiguration section */
		BEE41C0A24FC36BB00D0AB5C /* Debug */ = {
			isa = XCBuildConfiguration;
			buildSettings = {
				ALWAYS_SEARCH_USER_PATHS = NO;
				CLANG_ANALYZER_NONNULL = YES;
				CLANG_ANALYZER_NUMBER_OBJECT_CONVERSION = YES_AGGRESSIVE;
				CLANG_CXX_LANGUAGE_STANDARD = "gnu++14";
				CLANG_CXX_LIBRARY = "libc++";
				CLANG_ENABLE_MODULES = YES;
				CLANG_ENABLE_OBJC_ARC = YES;
				CLANG_ENABLE_OBJC_WEAK = YES;
				CLANG_WARN_BLOCK_CAPTURE_AUTORELEASING = YES;
				CLANG_WARN_BOOL_CONVERSION = YES;
				CLANG_WARN_COMMA = YES;
				CLANG_WARN_CONSTANT_CONVERSION = YES;
				CLANG_WARN_DEPRECATED_OBJC_IMPLEMENTATIONS = YES;
				CLANG_WARN_DIRECT_OBJC_ISA_USAGE = YES_ERROR;
				CLANG_WARN_DOCUMENTATION_COMMENTS = YES;
				CLANG_WARN_EMPTY_BODY = YES;
				CLANG_WARN_ENUM_CONVERSION = YES;
				CLANG_WARN_INFINITE_RECURSION = YES;
				CLANG_WARN_INT_CONVERSION = YES;
				CLANG_WARN_NON_LITERAL_NULL_CONVERSION = YES;
				CLANG_WARN_OBJC_IMPLICIT_RETAIN_SELF = YES;
				CLANG_WARN_OBJC_LITERAL_CONVERSION = YES;
				CLANG_WARN_OBJC_ROOT_CLASS = YES_ERROR;
				CLANG_WARN_RANGE_LOOP_ANALYSIS = YES;
				CLANG_WARN_STRICT_PROTOTYPES = YES;
				CLANG_WARN_SUSPICIOUS_MOVE = YES;
				CLANG_WARN_UNGUARDED_AVAILABILITY = YES_AGGRESSIVE;
				CLANG_WARN_UNREACHABLE_CODE = YES;
				CLANG_WARN__DUPLICATE_METHOD_MATCH = YES;
				COPY_PHASE_STRIP = NO;
				DEBUG_INFORMATION_FORMAT = dwarf;
				ENABLE_STRICT_OBJC_MSGSEND = YES;
				ENABLE_TESTABILITY = YES;
				GCC_C_LANGUAGE_STANDARD = gnu11;
				GCC_DYNAMIC_NO_PIC = NO;
				GCC_NO_COMMON_BLOCKS = YES;
				GCC_OPTIMIZATION_LEVEL = 0;
				GCC_PREPROCESSOR_DEFINITIONS = (
					"DEBUG=1",
					"$(inherited)",
				);
				GCC_WARN_64_TO_32_BIT_CONVERSION = YES;
				GCC_WARN_ABOUT_RETURN_TYPE = YES_ERROR;
				GCC_WARN_UNDECLARED_SELECTOR = YES;
				GCC_WARN_UNINITIALIZED_AUTOS = YES_AGGRESSIVE;
				GCC_WARN_UNUSED_FUNCTION = YES;
				GCC_WARN_UNUSED_VARIABLE = YES;
				IPHONEOS_DEPLOYMENT_TARGET = 13.6;
				MTL_ENABLE_DEBUG_INFO = INCLUDE_SOURCE;
				MTL_FAST_MATH = YES;
				ONLY_ACTIVE_ARCH = YES;
				SDKROOT = iphoneos;
				SWIFT_ACTIVE_COMPILATION_CONDITIONS = DEBUG;
				SWIFT_OPTIMIZATION_LEVEL = "-Onone";
			};
			name = Debug;
		};
		BEE41C0B24FC36BB00D0AB5C /* Release */ = {
			isa = XCBuildConfiguration;
			buildSettings = {
				ALWAYS_SEARCH_USER_PATHS = NO;
				CLANG_ANALYZER_NONNULL = YES;
				CLANG_ANALYZER_NUMBER_OBJECT_CONVERSION = YES_AGGRESSIVE;
				CLANG_CXX_LANGUAGE_STANDARD = "gnu++14";
				CLANG_CXX_LIBRARY = "libc++";
				CLANG_ENABLE_MODULES = YES;
				CLANG_ENABLE_OBJC_ARC = YES;
				CLANG_ENABLE_OBJC_WEAK = YES;
				CLANG_WARN_BLOCK_CAPTURE_AUTORELEASING = YES;
				CLANG_WARN_BOOL_CONVERSION = YES;
				CLANG_WARN_COMMA = YES;
				CLANG_WARN_CONSTANT_CONVERSION = YES;
				CLANG_WARN_DEPRECATED_OBJC_IMPLEMENTATIONS = YES;
				CLANG_WARN_DIRECT_OBJC_ISA_USAGE = YES_ERROR;
				CLANG_WARN_DOCUMENTATION_COMMENTS = YES;
				CLANG_WARN_EMPTY_BODY = YES;
				CLANG_WARN_ENUM_CONVERSION = YES;
				CLANG_WARN_INFINITE_RECURSION = YES;
				CLANG_WARN_INT_CONVERSION = YES;
				CLANG_WARN_NON_LITERAL_NULL_CONVERSION = YES;
				CLANG_WARN_OBJC_IMPLICIT_RETAIN_SELF = YES;
				CLANG_WARN_OBJC_LITERAL_CONVERSION = YES;
				CLANG_WARN_OBJC_ROOT_CLASS = YES_ERROR;
				CLANG_WARN_RANGE_LOOP_ANALYSIS = YES;
				CLANG_WARN_STRICT_PROTOTYPES = YES;
				CLANG_WARN_SUSPICIOUS_MOVE = YES;
				CLANG_WARN_UNGUARDED_AVAILABILITY = YES_AGGRESSIVE;
				CLANG_WARN_UNREACHABLE_CODE = YES;
				CLANG_WARN__DUPLICATE_METHOD_MATCH = YES;
				COPY_PHASE_STRIP = NO;
				DEBUG_INFORMATION_FORMAT = "dwarf-with-dsym";
				ENABLE_NS_ASSERTIONS = NO;
				ENABLE_STRICT_OBJC_MSGSEND = YES;
				GCC_C_LANGUAGE_STANDARD = gnu11;
				GCC_NO_COMMON_BLOCKS = YES;
				GCC_WARN_64_TO_32_BIT_CONVERSION = YES;
				GCC_WARN_ABOUT_RETURN_TYPE = YES_ERROR;
				GCC_WARN_UNDECLARED_SELECTOR = YES;
				GCC_WARN_UNINITIALIZED_AUTOS = YES_AGGRESSIVE;
				GCC_WARN_UNUSED_FUNCTION = YES;
				GCC_WARN_UNUSED_VARIABLE = YES;
				IPHONEOS_DEPLOYMENT_TARGET = 13.6;
				MTL_ENABLE_DEBUG_INFO = NO;
				MTL_FAST_MATH = YES;
				SDKROOT = iphoneos;
				SWIFT_COMPILATION_MODE = wholemodule;
				SWIFT_OPTIMIZATION_LEVEL = "-O";
				VALIDATE_PRODUCT = YES;
			};
			name = Release;
		};
		BEE41C0D24FC36BB00D0AB5C /* Debug */ = {
			isa = XCBuildConfiguration;
			buildSettings = {
				ASSETCATALOG_COMPILER_APPICON_NAME = AppIcon;
				CODE_SIGN_STYLE = Automatic;
				DEVELOPMENT_TEAM = VGASMDNUX4;
				INFOPLIST_FILE = ValAppStore/Info.plist;
				LD_RUNPATH_SEARCH_PATHS = (
					"$(inherited)",
					"@executable_path/Frameworks",
				);
				PRODUCT_BUNDLE_IDENTIFIER = valentinindigo.ValAppStore;
				PRODUCT_NAME = "$(TARGET_NAME)";
				SWIFT_VERSION = 5.0;
				TARGETED_DEVICE_FAMILY = "1,2";
			};
			name = Debug;
		};
		BEE41C0E24FC36BB00D0AB5C /* Release */ = {
			isa = XCBuildConfiguration;
			buildSettings = {
				ASSETCATALOG_COMPILER_APPICON_NAME = AppIcon;
				CODE_SIGN_STYLE = Automatic;
				DEVELOPMENT_TEAM = VGASMDNUX4;
				INFOPLIST_FILE = ValAppStore/Info.plist;
				LD_RUNPATH_SEARCH_PATHS = (
					"$(inherited)",
					"@executable_path/Frameworks",
				);
				PRODUCT_BUNDLE_IDENTIFIER = valentinindigo.ValAppStore;
				PRODUCT_NAME = "$(TARGET_NAME)";
				SWIFT_VERSION = 5.0;
				TARGETED_DEVICE_FAMILY = "1,2";
			};
			name = Release;
		};
/* End XCBuildConfiguration section */

/* Begin XCConfigurationList section */
		BEE41BF324FC36B800D0AB5C /* Build configuration list for PBXProject "ValAppStore" */ = {
			isa = XCConfigurationList;
			buildConfigurations = (
				BEE41C0A24FC36BB00D0AB5C /* Debug */,
				BEE41C0B24FC36BB00D0AB5C /* Release */,
			);
			defaultConfigurationIsVisible = 0;
			defaultConfigurationName = Release;
		};
		BEE41C0C24FC36BB00D0AB5C /* Build configuration list for PBXNativeTarget "ValAppStore" */ = {
			isa = XCConfigurationList;
			buildConfigurations = (
				BEE41C0D24FC36BB00D0AB5C /* Debug */,
				BEE41C0E24FC36BB00D0AB5C /* Release */,
			);
			defaultConfigurationIsVisible = 0;
			defaultConfigurationName = Release;
		};
/* End XCConfigurationList section */
	};
	rootObject = BEE41BF024FC36B800D0AB5C /* Project object */;
}
